
Microsoft Visual Studio Solution File, Format Version 12.00
# Visual Studio Version 17
VisualStudioVersion = 17.11.35327.3
MinimumVisualStudioVersion = 10.0.40219.1
Project("{FAE04EC0-301F-11D3-BF4B-00C04F79EFBC}") = "MauiAppAgenda15", "MauiAppAgenda15\MauiAppAgenda15.csproj", "{044AC967-1248-467D-AC72-4DF0226086D3}"
EndProject
Global
	GlobalSection(SolutionConfigurationPlatforms) = preSolution
		Debug|Any CPU = Debug|Any CPU
		Release|Any CPU = Release|Any CPU
	EndGlobalSection
	GlobalSection(ProjectConfigurationPlatforms) = postSolution
		{044AC967-1248-467D-AC72-4DF0226086D3}.Debug|Any CPU.ActiveCfg = Debug|Any CPU
		{044AC967-1248-467D-AC72-4DF0226086D3}.Debug|Any CPU.Build.0 = Debug|Any CPU
		{044AC967-1248-467D-AC72-4DF0226086D3}.Debug|Any CPU.Deploy.0 = Debug|Any CPU
		{044AC967-1248-467D-AC72-4DF0226086D3}.Release|Any CPU.ActiveCfg = Release|Any CPU
		{044AC967-1248-467D-AC72-4DF0226086D3}.Release|Any CPU.Build.0 = Release|Any CPU
		{044AC967-1248-467D-AC72-4DF0226086D3}.Release|Any CPU.Deploy.0 = Release|Any CPU
	EndGlobalSection
	GlobalSection(SolutionProperties) = preSolution
		HideSolutionNode = FALSE
	EndGlobalSection
	GlobalSection(ExtensibilityGlobals) = postSolution
		SolutionGuid = {F14D9DC1-C0AE-46D9-AF0E-166A15148783}
	EndGlobalSection
EndGlobal
